
Microsoft Visual Studio Solution File, Format Version 12.00
# Visual Studio Version 17
VisualStudioVersion = 17.6.33723.286
MinimumVisualStudioVersion = 10.0.40219.1
Project("{FAE04EC0-301F-11D3-BF4B-00C04F79EFBC}") = "MovieAPI.Application", "MovieAPI.Application\MovieAPI.Application.csproj", "{22467EFE-1E0A-4EE8-A108-2986C7EE0ED4}"
EndProject
Project("{FAE04EC0-301F-11D3-BF4B-00C04F79EFBC}") = "MovieAPI.Core", "MovieAPI.Core\MovieAPI.Core.csproj", "{8A4CF2E6-E811-4445-8E13-FD609A3D4E1F}"
EndProject
Project("{FAE04EC0-301F-11D3-BF4B-00C04F79EFBC}") = "MovieAPI.Infrastructure", "MovieAPI.Infrastructure\MovieAPI.Infrastructure.csproj", "{93A27745-2284-45C3-8D47-EC0FDC37C451}"
EndProject
Project("{FAE04EC0-301F-11D3-BF4B-00C04F79EFBC}") = "MovieAPI.ServiceModel", "MovieAPI.ServiceModel\MovieAPI.ServiceModel.csproj", "{C95B7776-02B4-4EDB-8F05-91954D54967A}"
EndProject
Project("{FAE04EC0-301F-11D3-BF4B-00C04F79EFBC}") = "MovieAPI.UnitTests", "MovieAPI.UnitTests\MovieAPI.UnitTests.csproj", "{4BB9C009-2D70-4E32-82DF-1246449EC6F3}"
EndProject
Project("{FAE04EC0-301F-11D3-BF4B-00C04F79EFBC}") = "MovieAPI.IntegrationTests", "MovieAPI.IntegrationTests\MovieAPI.IntegrationTests.csproj", "{F5EDC511-98F6-4DFE-87E4-D916639C1E8E}"
EndProject
Project("{2150E333-8FDC-42A3-9474-1A3956D46DE8}") = "Tests", "Tests", "{EF610B31-9434-455D-A0A5-D6C04FD964BC}"
EndProject
Project("{E53339B2-1760-4266-BCC7-CA923CBCF16C}") = "docker-compose", "docker-compose.dcproj", "{1822CAC1-1D28-4A44-B8D0-9B9940639467}"
EndProject
Project("{2150E333-8FDC-42A3-9474-1A3956D46DE8}") = "FakeServer", "FakeServer", "{93299639-EE2E-42B3-9AD2-EF065007B431}"
	ProjectSection(SolutionItems) = preProject
		FakeServer\db.json = FakeServer\db.json
		FakeServer\Dockerfile = FakeServer\Dockerfile
		FakeServer\routes.json = FakeServer\routes.json
	EndProjectSection
EndProject
Global
	GlobalSection(SolutionConfigurationPlatforms) = preSolution
		Debug|Any CPU = Debug|Any CPU
		Release|Any CPU = Release|Any CPU
	EndGlobalSection
	GlobalSection(ProjectConfigurationPlatforms) = postSolution
		{22467EFE-1E0A-4EE8-A108-2986C7EE0ED4}.Debug|Any CPU.ActiveCfg = Debug|Any CPU
		{22467EFE-1E0A-4EE8-A108-2986C7EE0ED4}.Debug|Any CPU.Build.0 = Debug|Any CPU
		{22467EFE-1E0A-4EE8-A108-2986C7EE0ED4}.Release|Any CPU.ActiveCfg = Release|Any CPU
		{22467EFE-1E0A-4EE8-A108-2986C7EE0ED4}.Release|Any CPU.Build.0 = Release|Any CPU
		{8A4CF2E6-E811-4445-8E13-FD609A3D4E1F}.Debug|Any CPU.ActiveCfg = Debug|Any CPU
		{8A4CF2E6-E811-4445-8E13-FD609A3D4E1F}.Debug|Any CPU.Build.0 = Debug|Any CPU
		{8A4CF2E6-E811-4445-8E13-FD609A3D4E1F}.Release|Any CPU.ActiveCfg = Release|Any CPU
		{8A4CF2E6-E811-4445-8E13-FD609A3D4E1F}.Release|Any CPU.Build.0 = Release|Any CPU
		{93A27745-2284-45C3-8D47-EC0FDC37C451}.Debug|Any CPU.ActiveCfg = Debug|Any CPU
		{93A27745-2284-45C3-8D47-EC0FDC37C451}.Debug|Any CPU.Build.0 = Debug|Any CPU
		{93A27745-2284-45C3-8D47-EC0FDC37C451}.Release|Any CPU.ActiveCfg = Release|Any CPU
		{93A27745-2284-45C3-8D47-EC0FDC37C451}.Release|Any CPU.Build.0 = Release|Any CPU
		{C95B7776-02B4-4EDB-8F05-91954D54967A}.Debug|Any CPU.ActiveCfg = Debug|Any CPU
		{C95B7776-02B4-4EDB-8F05-91954D54967A}.Debug|Any CPU.Build.0 = Debug|Any CPU
		{C95B7776-02B4-4EDB-8F05-91954D54967A}.Release|Any CPU.ActiveCfg = Release|Any CPU
		{C95B7776-02B4-4EDB-8F05-91954D54967A}.Release|Any CPU.Build.0 = Release|Any CPU
		{4BB9C009-2D70-4E32-82DF-1246449EC6F3}.Debug|Any CPU.ActiveCfg = Debug|Any CPU
		{4BB9C009-2D70-4E32-82DF-1246449EC6F3}.Debug|Any CPU.Build.0 = Debug|Any CPU
		{4BB9C009-2D70-4E32-82DF-1246449EC6F3}.Release|Any CPU.ActiveCfg = Release|Any CPU
		{4BB9C009-2D70-4E32-82DF-1246449EC6F3}.Release|Any CPU.Build.0 = Release|Any CPU
		{F5EDC511-98F6-4DFE-87E4-D916639C1E8E}.Debug|Any CPU.ActiveCfg = Debug|Any CPU
		{F5EDC511-98F6-4DFE-87E4-D916639C1E8E}.Debug|Any CPU.Build.0 = Debug|Any CPU
		{F5EDC511-98F6-4DFE-87E4-D916639C1E8E}.Release|Any CPU.ActiveCfg = Release|Any CPU
		{F5EDC511-98F6-4DFE-87E4-D916639C1E8E}.Release|Any CPU.Build.0 = Release|Any CPU
		{1822CAC1-1D28-4A44-B8D0-9B9940639467}.Debug|Any CPU.ActiveCfg = Debug|Any CPU
		{1822CAC1-1D28-4A44-B8D0-9B9940639467}.Debug|Any CPU.Build.0 = Debug|Any CPU
		{1822CAC1-1D28-4A44-B8D0-9B9940639467}.Release|Any CPU.ActiveCfg = Release|Any CPU
		{1822CAC1-1D28-4A44-B8D0-9B9940639467}.Release|Any CPU.Build.0 = Release|Any CPU
	EndGlobalSection
	GlobalSection(SolutionProperties) = preSolution
		HideSolutionNode = FALSE
	EndGlobalSection
	GlobalSection(NestedProjects) = preSolution
		{4BB9C009-2D70-4E32-82DF-1246449EC6F3} = {EF610B31-9434-455D-A0A5-D6C04FD964BC}
		{F5EDC511-98F6-4DFE-87E4-D916639C1E8E} = {EF610B31-9434-455D-A0A5-D6C04FD964BC}
	EndGlobalSection
	GlobalSection(ExtensibilityGlobals) = postSolution
		SolutionGuid = {36DA6E12-54C4-4854-9FF3-963E69802D2E}
	EndGlobalSection
EndGlobal
