
Microsoft Visual Studio Solution File, Format Version 12.00
# Visual Studio Version 17
VisualStudioVersion = 17.6.33723.286
MinimumVisualStudioVersion = 10.0.40219.1
Project("{FAE04EC0-301F-11D3-BF4B-00C04F79EFBC}") = "MovieAPI.Application", "MovieAPI.Application\MovieAPI.Application.csproj", "{22467EFE-1E0A-4EE8-A108-2986C7EE0ED4}"
EndProject
Project("{FAE04EC0-301F-11D3-BF4B-00C04F79EFBC}") = "MovieAPI.Core", "MovieAPI.Core\MovieAPI.Core.csproj", "{8A4CF2E6-E811-4445-8E13-FD609A3D4E1F}"
EndProject
Project("{FAE04EC0-301F-11D3-BF4B-00C04F79EFBC}") = "MovieAPI.Infrastructure", "MovieAPI.Infrastructure\MovieAPI.Infrastructure.csproj", "{93A27745-2284-45C3-8D47-EC0FDC37C451}"
EndProject
Project("{FAE04EC0-301F-11D3-BF4B-00C04F79EFBC}") = "MovieAPI.ServiceModel", "MovieAPI.ServiceModel\MovieAPI.ServiceModel.csproj", "{C95B7776-02B4-4EDB-8F05-91954D54967A}"
EndProject
Global
	GlobalSection(SolutionConfigurationPlatforms) = preSolution
		Debug|Any CPU = Debug|Any CPU
		Release|Any CPU = Release|Any CPU
	EndGlobalSection
	GlobalSection(ProjectConfigurationPlatforms) = postSolution
		{22467EFE-1E0A-4EE8-A108-2986C7EE0ED4}.Debug|Any CPU.ActiveCfg = Debug|Any CPU
		{22467EFE-1E0A-4EE8-A108-2986C7EE0ED4}.Debug|Any CPU.Build.0 = Debug|Any CPU
		{22467EFE-1E0A-4EE8-A108-2986C7EE0ED4}.Release|Any CPU.ActiveCfg = Release|Any CPU
		{22467EFE-1E0A-4EE8-A108-2986C7EE0ED4}.Release|Any CPU.Build.0 = Release|Any CPU
		{8A4CF2E6-E811-4445-8E13-FD609A3D4E1F}.Debug|Any CPU.ActiveCfg = Debug|Any CPU
		{8A4CF2E6-E811-4445-8E13-FD609A3D4E1F}.Debug|Any CPU.Build.0 = Debug|Any CPU
		{8A4CF2E6-E811-4445-8E13-FD609A3D4E1F}.Release|Any CPU.ActiveCfg = Release|Any CPU
		{8A4CF2E6-E811-4445-8E13-FD609A3D4E1F}.Release|Any CPU.Build.0 = Release|Any CPU
		{93A27745-2284-45C3-8D47-EC0FDC37C451}.Debug|Any CPU.ActiveCfg = Debug|Any CPU
		{93A27745-2284-45C3-8D47-EC0FDC37C451}.Debug|Any CPU.Build.0 = Debug|Any CPU
		{93A27745-2284-45C3-8D47-EC0FDC37C451}.Release|Any CPU.ActiveCfg = Release|Any CPU
		{93A27745-2284-45C3-8D47-EC0FDC37C451}.Release|Any CPU.Build.0 = Release|Any CPU
		{C95B7776-02B4-4EDB-8F05-91954D54967A}.Debug|Any CPU.ActiveCfg = Debug|Any CPU
		{C95B7776-02B4-4EDB-8F05-91954D54967A}.Debug|Any CPU.Build.0 = Debug|Any CPU
		{C95B7776-02B4-4EDB-8F05-91954D54967A}.Release|Any CPU.ActiveCfg = Release|Any CPU
		{C95B7776-02B4-4EDB-8F05-91954D54967A}.Release|Any CPU.Build.0 = Release|Any CPU
	EndGlobalSection
	GlobalSection(SolutionProperties) = preSolution
		HideSolutionNode = FALSE
	EndGlobalSection
	GlobalSection(ExtensibilityGlobals) = postSolution
		SolutionGuid = {36DA6E12-54C4-4854-9FF3-963E69802D2E}
	EndGlobalSection
EndGlobal
